{
  "lockfileVersion": 1,
  "configVersion": 1,
  "workspaces": {
    "": {
      "name": "sandbox-service",
      "dependencies": {
        "hono": "^4",
      },
    },
  },
  "packages": {
    "hono": ["hono@4.12.29", "", {}, "sha512-1hNiRjawYrLq/4m3DQQjPGFg0VZkk4RjQJDff/excI6Dm9BiL75qxGrd7/c6YOxPdq6AscP3LiXhQ6fKFC1Waw=="],
  }
}
